
Microsoft Visual Studio Solution File, Format Version 12.00
# Visual Studio Version 17
VisualStudioVersion = 17.5.33516.290
MinimumVisualStudioVersion = 10.0.40219.1
Project("{FAE04EC0-301F-11D3-BF4B-00C04F79EFBC}") = "GenshinRimpact", "GenshinRimpact\GenshinRimpact.csproj", "{8AED77EA-FB6D-4C17-8E14-022ABB808C9F}"
EndProject
Global
	GlobalSection(SolutionConfigurationPlatforms) = preSolution
		Debug|Any CPU = Debug|Any CPU
		Release|Any CPU = Release|Any CPU
	EndGlobalSection
	GlobalSection(ProjectConfigurationPlatforms) = postSolution
		{8AED77EA-FB6D-4C17-8E14-022ABB808C9F}.Debug|Any CPU.ActiveCfg = Debug|Any CPU
		{8AED77EA-FB6D-4C17-8E14-022ABB808C9F}.Debug|Any CPU.Build.0 = Debug|Any CPU
		{8AED77EA-FB6D-4C17-8E14-022ABB808C9F}.Release|Any CPU.ActiveCfg = Release|Any CPU
		{8AED77EA-FB6D-4C17-8E14-022ABB808C9F}.Release|Any CPU.Build.0 = Release|Any CPU
	EndGlobalSection
	GlobalSection(SolutionProperties) = preSolution
		HideSolutionNode = FALSE
	EndGlobalSection
	GlobalSection(ExtensibilityGlobals) = postSolution
		SolutionGuid = {10FC65DF-E298-464F-9A84-B6295D368D0D}
	EndGlobalSection
EndGlobal
